
Microsoft Visual Studio Solution File, Format Version 12.00
Project("{FAE04EC0-301F-11D3-BF4B-00C04F79EFBC}") = "SamSWAT.PS2BIOS", "SamSWAT.PS2BIOS.csproj", "{88897380-279A-4EB0-A692-B0B688587191}"
EndProject
Global
	GlobalSection(SolutionConfigurationPlatforms) = preSolution
		Debug|Any CPU = Debug|Any CPU
		Release|Any CPU = Release|Any CPU
	EndGlobalSection
	GlobalSection(ProjectConfigurationPlatforms) = postSolution
		{88897380-279A-4EB0-A692-B0B688587191}.Debug|Any CPU.ActiveCfg = Debug|Any CPU
		{88897380-279A-4EB0-A692-B0B688587191}.Debug|Any CPU.Build.0 = Debug|Any CPU
		{88897380-279A-4EB0-A692-B0B688587191}.Release|Any CPU.ActiveCfg = Release|Any CPU
		{88897380-279A-4EB0-A692-B0B688587191}.Release|Any CPU.Build.0 = Release|Any CPU
	EndGlobalSection
EndGlobal
